
Microsoft Visual Studio Solution File, Format Version 12.00
# Visual Studio Version 16
VisualStudioVersion = 16.0.30503.244
MinimumVisualStudioVersion = 10.0.40219.1
Project("{FAE04EC0-301F-11D3-BF4B-00C04F79EFBC}") = "Cafe.BL", "Cafe.BL\Cafe.BL.csproj", "{82797CE4-52AF-4B85-B95F-481ED44FB674}"
EndProject
Project("{FAE04EC0-301F-11D3-BF4B-00C04F79EFBC}") = "Cafe.CMD", "Cafe.CMD\Cafe.CMD.csproj", "{A98D6C3E-BA8C-422B-A863-F4C82C87FE27}"
EndProject
Project("{FAE04EC0-301F-11D3-BF4B-00C04F79EFBC}") = "Cafe.BLTests", "Cafe.BLTests\Cafe.BLTests.csproj", "{14F24BFF-4868-4A88-A3B9-078EB82A7C56}"
EndProject
Project("{54435603-DBB4-11D2-8724-00A0C9A8B90C}") = "CafeInstaller", "CafeInstaller\CafeInstaller.vdproj", "{FE14061F-C38C-4BE2-9293-BFE2BCF63C91}"
EndProject
Global
	GlobalSection(SolutionConfigurationPlatforms) = preSolution
		Debug|Any CPU = Debug|Any CPU
		Release|Any CPU = Release|Any CPU
	EndGlobalSection
	GlobalSection(ProjectConfigurationPlatforms) = postSolution
		{82797CE4-52AF-4B85-B95F-481ED44FB674}.Debug|Any CPU.ActiveCfg = Debug|Any CPU
		{82797CE4-52AF-4B85-B95F-481ED44FB674}.Debug|Any CPU.Build.0 = Debug|Any CPU
		{82797CE4-52AF-4B85-B95F-481ED44FB674}.Release|Any CPU.ActiveCfg = Release|Any CPU
		{82797CE4-52AF-4B85-B95F-481ED44FB674}.Release|Any CPU.Build.0 = Release|Any CPU
		{A98D6C3E-BA8C-422B-A863-F4C82C87FE27}.Debug|Any CPU.ActiveCfg = Debug|Any CPU
		{A98D6C3E-BA8C-422B-A863-F4C82C87FE27}.Debug|Any CPU.Build.0 = Debug|Any CPU
		{A98D6C3E-BA8C-422B-A863-F4C82C87FE27}.Release|Any CPU.ActiveCfg = Release|Any CPU
		{A98D6C3E-BA8C-422B-A863-F4C82C87FE27}.Release|Any CPU.Build.0 = Release|Any CPU
		{14F24BFF-4868-4A88-A3B9-078EB82A7C56}.Debug|Any CPU.ActiveCfg = Debug|Any CPU
		{14F24BFF-4868-4A88-A3B9-078EB82A7C56}.Debug|Any CPU.Build.0 = Debug|Any CPU
		{14F24BFF-4868-4A88-A3B9-078EB82A7C56}.Release|Any CPU.ActiveCfg = Release|Any CPU
		{14F24BFF-4868-4A88-A3B9-078EB82A7C56}.Release|Any CPU.Build.0 = Release|Any CPU
		{FE14061F-C38C-4BE2-9293-BFE2BCF63C91}.Debug|Any CPU.ActiveCfg = Debug
		{FE14061F-C38C-4BE2-9293-BFE2BCF63C91}.Release|Any CPU.ActiveCfg = Release
	EndGlobalSection
	GlobalSection(SolutionProperties) = preSolution
		HideSolutionNode = FALSE
	EndGlobalSection
	GlobalSection(ExtensibilityGlobals) = postSolution
		SolutionGuid = {5F2729BF-3128-4FE3-94B4-B35C85EC0550}
	EndGlobalSection
EndGlobal
